
Microsoft Visual Studio Solution File, Format Version 12.00
# Visual Studio 2013
VisualStudioVersion = 12.0.30723.0
MinimumVisualStudioVersion = 10.0.40219.1
Project("{FAE04EC0-301F-11D3-BF4B-00C04F79EFBC}") = "MidnightProblem", "MidnightProblem\MidnightProblem.csproj", "{004CF77E-8E5F-4A0E-9B66-0C6A898A51EC}"
EndProject
Global
	GlobalSection(SolutionConfigurationPlatforms) = preSolution
		Debug|Any CPU = Debug|Any CPU
		Release|Any CPU = Release|Any CPU
	EndGlobalSection
	GlobalSection(ProjectConfigurationPlatforms) = postSolution
		{004CF77E-8E5F-4A0E-9B66-0C6A898A51EC}.Debug|Any CPU.ActiveCfg = Debug|Any CPU
		{004CF77E-8E5F-4A0E-9B66-0C6A898A51EC}.Debug|Any CPU.Build.0 = Debug|Any CPU
		{004CF77E-8E5F-4A0E-9B66-0C6A898A51EC}.Release|Any CPU.ActiveCfg = Release|Any CPU
		{004CF77E-8E5F-4A0E-9B66-0C6A898A51EC}.Release|Any CPU.Build.0 = Release|Any CPU
	EndGlobalSection
	GlobalSection(SolutionProperties) = preSolution
		HideSolutionNode = FALSE
	EndGlobalSection
EndGlobal
